
Microsoft Visual Studio Solution File, Format Version 12.00
# Visual Studio Version 17
VisualStudioVersion = 17.6.33829.357
MinimumVisualStudioVersion = 10.0.40219.1
Project("{FAE04EC0-301F-11D3-BF4B-00C04F79EFBC}") = "BookStore", "BookStore\BookStore.csproj", "{79F1EC16-1CD3-4D29-BAD8-9C32C45122A8}"
EndProject
Global
	GlobalSection(SolutionConfigurationPlatforms) = preSolution
		Debug|Any CPU = Debug|Any CPU
		Release|Any CPU = Release|Any CPU
	EndGlobalSection
	GlobalSection(ProjectConfigurationPlatforms) = postSolution
		{79F1EC16-1CD3-4D29-BAD8-9C32C45122A8}.Debug|Any CPU.ActiveCfg = Debug|Any CPU
		{79F1EC16-1CD3-4D29-BAD8-9C32C45122A8}.Debug|Any CPU.Build.0 = Debug|Any CPU
		{79F1EC16-1CD3-4D29-BAD8-9C32C45122A8}.Release|Any CPU.ActiveCfg = Release|Any CPU
		{79F1EC16-1CD3-4D29-BAD8-9C32C45122A8}.Release|Any CPU.Build.0 = Release|Any CPU
	EndGlobalSection
	GlobalSection(SolutionProperties) = preSolution
		HideSolutionNode = FALSE
	EndGlobalSection
	GlobalSection(ExtensibilityGlobals) = postSolution
		SolutionGuid = {E2D630BC-F13F-42B7-B208-1DD26031ED36}
	EndGlobalSection
EndGlobal
